{
  "nodes": {
    "flake-utils": {
      "locked": {
        "lastModified": 1659877975,
        "narHash": "sha256-zllb8aq3YO3h8B/U0/J1WBgAL8EX5yWf5pMj3G0NAmc=",
        "owner": "numtide",
        "repo": "flake-utils",
        "rev": "c0e246b9b83f637f4681389ecabcb2681b4f3af0",
        "type": "github"
      },
      "original": {
        "owner": "numtide",
        "repo": "flake-utils",
        "type": "github"
      }
    },
    "flake-utils_2": {
      "locked": {
        "lastModified": 1652776076,
        "narHash": "sha256-gzTw/v1vj4dOVbpBSJX4J0DwUR6LIyXo7/SuuTJp1kM=",
        "owner": "numtide",
        "repo": "flake-utils",
        "rev": "04c1b180862888302ddfb2e3ad9eaa63afc60cf8",
        "type": "github"
      },
      "original": {
        "owner": "numtide",
        "repo": "flake-utils",
        "type": "github"
      }
    },
    "nix2vim": {
      "inputs": {
        "flake-utils": "flake-utils_2",
        "nixpkgs": [
          "nixpkgs"
        ]
      },
      "locked": {
        "lastModified": 1657129045,
        "narHash": "sha256-ITEGB3BxGhIooFcTAzc4fmxDCxWCTJltbAuBbaovwks=",
        "owner": "kranex",
        "repo": "nix2vim",
        "rev": "ea690d1da48664030bc0c934ac8894c9b0292534",
        "type": "github"
      },
      "original": {
        "owner": "kranex",
        "repo": "nix2vim",
        "type": "github"
      }
    },
    "nixpkgs": {
      "locked": {
        "lastModified": 1659859897,
        "narHash": "sha256-jAppjCqvzi5O1ODp8K8p4Kql1YgtnAnO3iAsbW3622U=",
        "owner": "nixos",
        "repo": "nixpkgs",
        "rev": "3c8a5fa9a699d6910bbe70490918f1a4adc1e462",
        "type": "github"
      },
      "original": {
        "owner": "nixos",
        "ref": "nixos-22.05",
        "repo": "nixpkgs",
        "type": "github"
      }
    },
    "nixpkgs-unstable": {
      "locked": {
        "lastModified": 1659803779,
        "narHash": "sha256-+5zkHlbcbFyN5f3buO1RAZ9pH1wXLxCesUJ0vFmLr9Y=",
        "owner": "nixos",
        "repo": "nixpkgs",
        "rev": "f44884060cb94240efbe55620f38a8ec8d9af601",
        "type": "github"
      },
      "original": {
        "owner": "nixos",
        "ref": "nixos-unstable",
        "repo": "nixpkgs",
        "type": "github"
      }
    },
    "root": {
      "inputs": {
        "flake-utils": "flake-utils",
        "nix2vim": "nix2vim",
        "nixpkgs": "nixpkgs",
        "nixpkgs-unstable": "nixpkgs-unstable",
        "templates": "templates"
      }
    },
    "templates": {
      "locked": {
        "lastModified": 1649246137,
        "narHash": "sha256-cbAjf3JPoHlJD5Ayoj1sd1Gz1EZMHrFnZWIxbSGslmU=",
        "owner": "nixos",
        "repo": "templates",
        "rev": "2f86534428917d96d414964c69a5cfe353500ad5",
        "type": "github"
      },
      "original": {
        "owner": "nixos",
        "repo": "templates",
        "type": "github"
      }
    }
  },
  "root": "root",
  "version": 7
}
